
Microsoft Visual Studio Solution File, Format Version 12.00
# Visual Studio Version 17
VisualStudioVersion = 17.4.33213.308
MinimumVisualStudioVersion = 10.0.40219.1
Project("{FAE04EC0-301F-11D3-BF4B-00C04F79EFBC}") = "00. Programming", "00. Programming\00. Programming.csproj", "{5FF09C29-FE60-4B16-BDDF-2B39D761B128}"
EndProject
Project("{FAE04EC0-301F-11D3-BF4B-00C04F79EFBC}") = "01. DataType", "01. DataType\01. DataType.csproj", "{D0F94AFE-C76D-42A0-95DD-954D478CABF2}"
EndProject
Project("{FAE04EC0-301F-11D3-BF4B-00C04F79EFBC}") = "02. Operator", "02. Operator\02. Operator.csproj", "{FE50D61C-1B43-41F3-88DF-30E7FDB9FFDD}"
EndProject
Project("{FAE04EC0-301F-11D3-BF4B-00C04F79EFBC}") = "03. Conditional", "03. Conditional\03. Conditional.csproj", "{2F9A0F44-D325-466F-A33F-E728BF7A4371}"
EndProject
Project("{FAE04EC0-301F-11D3-BF4B-00C04F79EFBC}") = "04. Loop", "04. Loop\04. Loop.csproj", "{5B23B592-21DC-452F-90C3-90A0B9EF9749}"
EndProject
Project("{FAE04EC0-301F-11D3-BF4B-00C04F79EFBC}") = "05. Function", "05. Function\05. Function.csproj", "{8BA5F0B6-467D-4032-A117-F0D32ECB9F09}"
EndProject
Project("{FAE04EC0-301F-11D3-BF4B-00C04F79EFBC}") = "06. UserDefinedType", "06. UserDefinedType\06. UserDefinedType.csproj", "{EBE46493-10D0-4603-86CB-4BFCECA0634C}"
EndProject
Project("{FAE04EC0-301F-11D3-BF4B-00C04F79EFBC}") = "07. Class", "07. Class\07. Class.csproj", "{BEAA3199-E64C-430D-AED1-9D24039A5BB5}"
EndProject
Project("{FAE04EC0-301F-11D3-BF4B-00C04F79EFBC}") = "08. OOP", "08. OOP\08. OOP.csproj", "{599AC25A-EC0B-41C9-8A25-E8B266E99892}"
EndProject
Project("{FAE04EC0-301F-11D3-BF4B-00C04F79EFBC}") = "09. Interface", "09. Interface\09. Interface.csproj", "{359A1DA1-0F73-4430-903E-2AFEBD9521FB}"
EndProject
Global
	GlobalSection(SolutionConfigurationPlatforms) = preSolution
		Debug|Any CPU = Debug|Any CPU
		Release|Any CPU = Release|Any CPU
	EndGlobalSection
	GlobalSection(ProjectConfigurationPlatforms) = postSolution
		{5FF09C29-FE60-4B16-BDDF-2B39D761B128}.Debug|Any CPU.ActiveCfg = Debug|Any CPU
		{5FF09C29-FE60-4B16-BDDF-2B39D761B128}.Debug|Any CPU.Build.0 = Debug|Any CPU
		{5FF09C29-FE60-4B16-BDDF-2B39D761B128}.Release|Any CPU.ActiveCfg = Release|Any CPU
		{5FF09C29-FE60-4B16-BDDF-2B39D761B128}.Release|Any CPU.Build.0 = Release|Any CPU
		{D0F94AFE-C76D-42A0-95DD-954D478CABF2}.Debug|Any CPU.ActiveCfg = Debug|Any CPU
		{D0F94AFE-C76D-42A0-95DD-954D478CABF2}.Debug|Any CPU.Build.0 = Debug|Any CPU
		{D0F94AFE-C76D-42A0-95DD-954D478CABF2}.Release|Any CPU.ActiveCfg = Release|Any CPU
		{D0F94AFE-C76D-42A0-95DD-954D478CABF2}.Release|Any CPU.Build.0 = Release|Any CPU
		{FE50D61C-1B43-41F3-88DF-30E7FDB9FFDD}.Debug|Any CPU.ActiveCfg = Debug|Any CPU
		{FE50D61C-1B43-41F3-88DF-30E7FDB9FFDD}.Debug|Any CPU.Build.0 = Debug|Any CPU
		{FE50D61C-1B43-41F3-88DF-30E7FDB9FFDD}.Release|Any CPU.ActiveCfg = Release|Any CPU
		{FE50D61C-1B43-41F3-88DF-30E7FDB9FFDD}.Release|Any CPU.Build.0 = Release|Any CPU
		{2F9A0F44-D325-466F-A33F-E728BF7A4371}.Debug|Any CPU.ActiveCfg = Debug|Any CPU
		{2F9A0F44-D325-466F-A33F-E728BF7A4371}.Debug|Any CPU.Build.0 = Debug|Any CPU
		{2F9A0F44-D325-466F-A33F-E728BF7A4371}.Release|Any CPU.ActiveCfg = Release|Any CPU
		{2F9A0F44-D325-466F-A33F-E728BF7A4371}.Release|Any CPU.Build.0 = Release|Any CPU
		{5B23B592-21DC-452F-90C3-90A0B9EF9749}.Debug|Any CPU.ActiveCfg = Debug|Any CPU
		{5B23B592-21DC-452F-90C3-90A0B9EF9749}.Debug|Any CPU.Build.0 = Debug|Any CPU
		{5B23B592-21DC-452F-90C3-90A0B9EF9749}.Release|Any CPU.ActiveCfg = Release|Any CPU
		{5B23B592-21DC-452F-90C3-90A0B9EF9749}.Release|Any CPU.Build.0 = Release|Any CPU
		{8BA5F0B6-467D-4032-A117-F0D32ECB9F09}.Debug|Any CPU.ActiveCfg = Debug|Any CPU
		{8BA5F0B6-467D-4032-A117-F0D32ECB9F09}.Debug|Any CPU.Build.0 = Debug|Any CPU
		{8BA5F0B6-467D-4032-A117-F0D32ECB9F09}.Release|Any CPU.ActiveCfg = Release|Any CPU
		{8BA5F0B6-467D-4032-A117-F0D32ECB9F09}.Release|Any CPU.Build.0 = Release|Any CPU
		{EBE46493-10D0-4603-86CB-4BFCECA0634C}.Debug|Any CPU.ActiveCfg = Debug|Any CPU
		{EBE46493-10D0-4603-86CB-4BFCECA0634C}.Debug|Any CPU.Build.0 = Debug|Any CPU
		{EBE46493-10D0-4603-86CB-4BFCECA0634C}.Release|Any CPU.ActiveCfg = Release|Any CPU
		{EBE46493-10D0-4603-86CB-4BFCECA0634C}.Release|Any CPU.Build.0 = Release|Any CPU
		{BEAA3199-E64C-430D-AED1-9D24039A5BB5}.Debug|Any CPU.ActiveCfg = Debug|Any CPU
		{BEAA3199-E64C-430D-AED1-9D24039A5BB5}.Debug|Any CPU.Build.0 = Debug|Any CPU
		{BEAA3199-E64C-430D-AED1-9D24039A5BB5}.Release|Any CPU.ActiveCfg = Release|Any CPU
		{BEAA3199-E64C-430D-AED1-9D24039A5BB5}.Release|Any CPU.Build.0 = Release|Any CPU
		{599AC25A-EC0B-41C9-8A25-E8B266E99892}.Debug|Any CPU.ActiveCfg = Debug|Any CPU
		{599AC25A-EC0B-41C9-8A25-E8B266E99892}.Debug|Any CPU.Build.0 = Debug|Any CPU
		{599AC25A-EC0B-41C9-8A25-E8B266E99892}.Release|Any CPU.ActiveCfg = Release|Any CPU
		{599AC25A-EC0B-41C9-8A25-E8B266E99892}.Release|Any CPU.Build.0 = Release|Any CPU
		{359A1DA1-0F73-4430-903E-2AFEBD9521FB}.Debug|Any CPU.ActiveCfg = Debug|Any CPU
		{359A1DA1-0F73-4430-903E-2AFEBD9521FB}.Debug|Any CPU.Build.0 = Debug|Any CPU
		{359A1DA1-0F73-4430-903E-2AFEBD9521FB}.Release|Any CPU.ActiveCfg = Release|Any CPU
		{359A1DA1-0F73-4430-903E-2AFEBD9521FB}.Release|Any CPU.Build.0 = Release|Any CPU
	EndGlobalSection
	GlobalSection(SolutionProperties) = preSolution
		HideSolutionNode = FALSE
	EndGlobalSection
	GlobalSection(ExtensibilityGlobals) = postSolution
		SolutionGuid = {1169317F-8D1C-4F34-AA2C-7FBACBCDFE58}
	EndGlobalSection
EndGlobal
